
Microsoft Visual Studio Solution File, Format Version 11.00
# Visual Studio 2010
Project("{FAE04EC0-301F-11D3-BF4B-00C04F79EFBC}") = "Paint", "Paint\Paint.csproj", "{C4E0CBC6-B711-45C8-86C3-1C82109C5926}"
EndProject
Global
	GlobalSection(SolutionConfigurationPlatforms) = preSolution
		Debug|x86 = Debug|x86
		Release|x86 = Release|x86
	EndGlobalSection
	GlobalSection(ProjectConfigurationPlatforms) = postSolution
		{C4E0CBC6-B711-45C8-86C3-1C82109C5926}.Debug|x86.ActiveCfg = Debug|x86
		{C4E0CBC6-B711-45C8-86C3-1C82109C5926}.Debug|x86.Build.0 = Debug|x86
		{C4E0CBC6-B711-45C8-86C3-1C82109C5926}.Release|x86.ActiveCfg = Release|x86
		{C4E0CBC6-B711-45C8-86C3-1C82109C5926}.Release|x86.Build.0 = Release|x86
	EndGlobalSection
	GlobalSection(SolutionProperties) = preSolution
		HideSolutionNode = FALSE
	EndGlobalSection
EndGlobal
